
Microsoft Visual Studio Solution File, Format Version 12.00
# Visual Studio Version 17
VisualStudioVersion = 17.7.34221.43
MinimumVisualStudioVersion = 10.0.40219.1
Project("{9A19103F-16F7-4668-BE54-9A1E7A4F7556}") = "Classes", "Classes\Classes.csproj", "{8B0BACB4-5098-4B1D-83E8-345DF73FD1D4}"
EndProject
Project("{9A19103F-16F7-4668-BE54-9A1E7A4F7556}") = "Metodos", "Metodos\Metodos.csproj", "{13BBD935-E697-41B5-9E2E-AB5E87835CD5}"
EndProject
Project("{9A19103F-16F7-4668-BE54-9A1E7A4F7556}") = "Construtores", "Construtores\Construtores.csproj", "{ED418C1C-6014-43D1-A019-AC56FE79A239}"
EndProject
Project("{9A19103F-16F7-4668-BE54-9A1E7A4F7556}") = "Argumentos", "Argumentos\Argumentos.csproj", "{6E243A8F-CFDA-4E84-9386-A38849E642A4}"
EndProject
Project("{9A19103F-16F7-4668-BE54-9A1E7A4F7556}") = "Propriedades", "Propriedades\Propriedades.csproj", "{749DF284-39B0-423E-844E-07B70E274564}"
EndProject
Project("{9A19103F-16F7-4668-BE54-9A1E7A4F7556}") = "Structs", "Structs\Structs.csproj", "{A5819074-80AD-4318-BE57-561810C51F92}"
EndProject
Project("{9A19103F-16F7-4668-BE54-9A1E7A4F7556}") = "Enum", "Enum\Enum.csproj", "{1B2430D2-9409-46F2-B9A0-E1A1082DED0A}"
EndProject
Project("{FAE04EC0-301F-11D3-BF4B-00C04F79EFBC}") = "ClassesParciais", "ClassesParciais\ClassesParciais.csproj", "{234A864B-A6D2-4236-99EF-C0CA35929F13}"
EndProject
Global
	GlobalSection(SolutionConfigurationPlatforms) = preSolution
		Debug|Any CPU = Debug|Any CPU
		Release|Any CPU = Release|Any CPU
	EndGlobalSection
	GlobalSection(ProjectConfigurationPlatforms) = postSolution
		{8B0BACB4-5098-4B1D-83E8-345DF73FD1D4}.Debug|Any CPU.ActiveCfg = Debug|Any CPU
		{8B0BACB4-5098-4B1D-83E8-345DF73FD1D4}.Debug|Any CPU.Build.0 = Debug|Any CPU
		{8B0BACB4-5098-4B1D-83E8-345DF73FD1D4}.Release|Any CPU.ActiveCfg = Release|Any CPU
		{8B0BACB4-5098-4B1D-83E8-345DF73FD1D4}.Release|Any CPU.Build.0 = Release|Any CPU
		{13BBD935-E697-41B5-9E2E-AB5E87835CD5}.Debug|Any CPU.ActiveCfg = Debug|Any CPU
		{13BBD935-E697-41B5-9E2E-AB5E87835CD5}.Debug|Any CPU.Build.0 = Debug|Any CPU
		{13BBD935-E697-41B5-9E2E-AB5E87835CD5}.Release|Any CPU.ActiveCfg = Release|Any CPU
		{13BBD935-E697-41B5-9E2E-AB5E87835CD5}.Release|Any CPU.Build.0 = Release|Any CPU
		{ED418C1C-6014-43D1-A019-AC56FE79A239}.Debug|Any CPU.ActiveCfg = Debug|Any CPU
		{ED418C1C-6014-43D1-A019-AC56FE79A239}.Debug|Any CPU.Build.0 = Debug|Any CPU
		{ED418C1C-6014-43D1-A019-AC56FE79A239}.Release|Any CPU.ActiveCfg = Release|Any CPU
		{ED418C1C-6014-43D1-A019-AC56FE79A239}.Release|Any CPU.Build.0 = Release|Any CPU
		{6E243A8F-CFDA-4E84-9386-A38849E642A4}.Debug|Any CPU.ActiveCfg = Debug|Any CPU
		{6E243A8F-CFDA-4E84-9386-A38849E642A4}.Debug|Any CPU.Build.0 = Debug|Any CPU
		{6E243A8F-CFDA-4E84-9386-A38849E642A4}.Release|Any CPU.ActiveCfg = Release|Any CPU
		{6E243A8F-CFDA-4E84-9386-A38849E642A4}.Release|Any CPU.Build.0 = Release|Any CPU
		{749DF284-39B0-423E-844E-07B70E274564}.Debug|Any CPU.ActiveCfg = Debug|Any CPU
		{749DF284-39B0-423E-844E-07B70E274564}.Debug|Any CPU.Build.0 = Debug|Any CPU
		{749DF284-39B0-423E-844E-07B70E274564}.Release|Any CPU.ActiveCfg = Release|Any CPU
		{749DF284-39B0-423E-844E-07B70E274564}.Release|Any CPU.Build.0 = Release|Any CPU
		{A5819074-80AD-4318-BE57-561810C51F92}.Debug|Any CPU.ActiveCfg = Debug|Any CPU
		{A5819074-80AD-4318-BE57-561810C51F92}.Debug|Any CPU.Build.0 = Debug|Any CPU
		{A5819074-80AD-4318-BE57-561810C51F92}.Release|Any CPU.ActiveCfg = Release|Any CPU
		{A5819074-80AD-4318-BE57-561810C51F92}.Release|Any CPU.Build.0 = Release|Any CPU
		{1B2430D2-9409-46F2-B9A0-E1A1082DED0A}.Debug|Any CPU.ActiveCfg = Debug|Any CPU
		{1B2430D2-9409-46F2-B9A0-E1A1082DED0A}.Debug|Any CPU.Build.0 = Debug|Any CPU
		{1B2430D2-9409-46F2-B9A0-E1A1082DED0A}.Release|Any CPU.ActiveCfg = Release|Any CPU
		{1B2430D2-9409-46F2-B9A0-E1A1082DED0A}.Release|Any CPU.Build.0 = Release|Any CPU
		{234A864B-A6D2-4236-99EF-C0CA35929F13}.Debug|Any CPU.ActiveCfg = Debug|Any CPU
		{234A864B-A6D2-4236-99EF-C0CA35929F13}.Debug|Any CPU.Build.0 = Debug|Any CPU
		{234A864B-A6D2-4236-99EF-C0CA35929F13}.Release|Any CPU.ActiveCfg = Release|Any CPU
		{234A864B-A6D2-4236-99EF-C0CA35929F13}.Release|Any CPU.Build.0 = Release|Any CPU
	EndGlobalSection
	GlobalSection(SolutionProperties) = preSolution
		HideSolutionNode = FALSE
	EndGlobalSection
	GlobalSection(ExtensibilityGlobals) = postSolution
		SolutionGuid = {DE93537B-CE1C-45CF-A6AB-EC9743E75C60}
	EndGlobalSection
EndGlobal
