
Microsoft Visual Studio Solution File, Format Version 12.00
# Visual Studio Version 17
VisualStudioVersion = 17.7.34221.43
MinimumVisualStudioVersion = 10.0.40219.1
Project("{9A19103F-16F7-4668-BE54-9A1E7A4F7556}") = "Heranca", "Heranca\Heranca.csproj", "{735AF939-9848-4C9F-9B23-60DE2105D071}"
EndProject
Project("{FAE04EC0-301F-11D3-BF4B-00C04F79EFBC}") = "ClasseAbsrata", "ClasseAbsrata\ClasseAbsrata.csproj", "{FE38325F-F3AB-42EC-A1C3-CCA21BAC525F}"
EndProject
Project("{FAE04EC0-301F-11D3-BF4B-00C04F79EFBC}") = "Interfaces", "Interfaces\Interfaces.csproj", "{6B1BD2F1-A99C-4051-8853-1D9AE7156CCE}"
EndProject
Global
	GlobalSection(SolutionConfigurationPlatforms) = preSolution
		Debug|Any CPU = Debug|Any CPU
		Release|Any CPU = Release|Any CPU
	EndGlobalSection
	GlobalSection(ProjectConfigurationPlatforms) = postSolution
		{735AF939-9848-4C9F-9B23-60DE2105D071}.Debug|Any CPU.ActiveCfg = Debug|Any CPU
		{735AF939-9848-4C9F-9B23-60DE2105D071}.Debug|Any CPU.Build.0 = Debug|Any CPU
		{735AF939-9848-4C9F-9B23-60DE2105D071}.Release|Any CPU.ActiveCfg = Release|Any CPU
		{735AF939-9848-4C9F-9B23-60DE2105D071}.Release|Any CPU.Build.0 = Release|Any CPU
		{FE38325F-F3AB-42EC-A1C3-CCA21BAC525F}.Debug|Any CPU.ActiveCfg = Debug|Any CPU
		{FE38325F-F3AB-42EC-A1C3-CCA21BAC525F}.Debug|Any CPU.Build.0 = Debug|Any CPU
		{FE38325F-F3AB-42EC-A1C3-CCA21BAC525F}.Release|Any CPU.ActiveCfg = Release|Any CPU
		{FE38325F-F3AB-42EC-A1C3-CCA21BAC525F}.Release|Any CPU.Build.0 = Release|Any CPU
		{6B1BD2F1-A99C-4051-8853-1D9AE7156CCE}.Debug|Any CPU.ActiveCfg = Debug|Any CPU
		{6B1BD2F1-A99C-4051-8853-1D9AE7156CCE}.Debug|Any CPU.Build.0 = Debug|Any CPU
		{6B1BD2F1-A99C-4051-8853-1D9AE7156CCE}.Release|Any CPU.ActiveCfg = Release|Any CPU
		{6B1BD2F1-A99C-4051-8853-1D9AE7156CCE}.Release|Any CPU.Build.0 = Release|Any CPU
	EndGlobalSection
	GlobalSection(SolutionProperties) = preSolution
		HideSolutionNode = FALSE
	EndGlobalSection
	GlobalSection(ExtensibilityGlobals) = postSolution
		SolutionGuid = {8D4CD870-ECD5-4997-85F4-551F510C7BA9}
	EndGlobalSection
EndGlobal
